
Microsoft Visual Studio Solution File, Format Version 12.00
# Visual Studio 15
VisualStudioVersion = 15.0.27703.2035
MinimumVisualStudioVersion = 10.0.40219.1
Project("{FAE04EC0-301F-11D3-BF4B-00C04F79EFBC}") = "UltimateQAPractice", "UltimateQAPractice\UltimateQAPractice.csproj", "{E36AC5AB-0C19-48FC-A519-384F48DB4DB9}"
EndProject
Project("{FAE04EC0-301F-11D3-BF4B-00C04F79EFBC}") = "Resources", "Resources\Resources.csproj", "{EA6F0ED1-EB3A-44E4-A539-5D5036B8D69D}"
EndProject
Project("{FAE04EC0-301F-11D3-BF4B-00C04F79EFBC}") = "CreatingReports", "CreatingReports\CreatingReports.csproj", "{6D246F0E-6FAC-406C-B730-60D53747EE0B}"
EndProject
Project("{2150E333-8FDC-42A3-9474-1A3956D46DE8}") = "Guru99", "Guru99", "{08A1EE22-07B6-4649-8CB2-F8E6A666648C}"
EndProject
Project("{FAE04EC0-301F-11D3-BF4B-00C04F79EFBC}") = "GuruProject", "..\Guru99Project\GuruProject\GuruProject.csproj", "{2C40821A-A75E-450A-8FC4-19E93FBFF9E3}"
EndProject
Project("{FAE04EC0-301F-11D3-BF4B-00C04F79EFBC}") = "Utilities", "Utilities\Utilities.csproj", "{73E839F6-329C-42B0-8FCF-236585A53209}"
EndProject
Global
	GlobalSection(SolutionConfigurationPlatforms) = preSolution
		Debug|Any CPU = Debug|Any CPU
		Release|Any CPU = Release|Any CPU
	EndGlobalSection
	GlobalSection(ProjectConfigurationPlatforms) = postSolution
		{E36AC5AB-0C19-48FC-A519-384F48DB4DB9}.Debug|Any CPU.ActiveCfg = Debug|Any CPU
		{E36AC5AB-0C19-48FC-A519-384F48DB4DB9}.Debug|Any CPU.Build.0 = Debug|Any CPU
		{E36AC5AB-0C19-48FC-A519-384F48DB4DB9}.Release|Any CPU.ActiveCfg = Release|Any CPU
		{E36AC5AB-0C19-48FC-A519-384F48DB4DB9}.Release|Any CPU.Build.0 = Release|Any CPU
		{EA6F0ED1-EB3A-44E4-A539-5D5036B8D69D}.Debug|Any CPU.ActiveCfg = Debug|Any CPU
		{EA6F0ED1-EB3A-44E4-A539-5D5036B8D69D}.Debug|Any CPU.Build.0 = Debug|Any CPU
		{EA6F0ED1-EB3A-44E4-A539-5D5036B8D69D}.Release|Any CPU.ActiveCfg = Release|Any CPU
		{EA6F0ED1-EB3A-44E4-A539-5D5036B8D69D}.Release|Any CPU.Build.0 = Release|Any CPU
		{6D246F0E-6FAC-406C-B730-60D53747EE0B}.Debug|Any CPU.ActiveCfg = Debug|Any CPU
		{6D246F0E-6FAC-406C-B730-60D53747EE0B}.Debug|Any CPU.Build.0 = Debug|Any CPU
		{6D246F0E-6FAC-406C-B730-60D53747EE0B}.Release|Any CPU.ActiveCfg = Release|Any CPU
		{6D246F0E-6FAC-406C-B730-60D53747EE0B}.Release|Any CPU.Build.0 = Release|Any CPU
		{2C40821A-A75E-450A-8FC4-19E93FBFF9E3}.Debug|Any CPU.ActiveCfg = Debug|Any CPU
		{2C40821A-A75E-450A-8FC4-19E93FBFF9E3}.Debug|Any CPU.Build.0 = Debug|Any CPU
		{2C40821A-A75E-450A-8FC4-19E93FBFF9E3}.Release|Any CPU.ActiveCfg = Release|Any CPU
		{2C40821A-A75E-450A-8FC4-19E93FBFF9E3}.Release|Any CPU.Build.0 = Release|Any CPU
		{73E839F6-329C-42B0-8FCF-236585A53209}.Debug|Any CPU.ActiveCfg = Debug|Any CPU
		{73E839F6-329C-42B0-8FCF-236585A53209}.Debug|Any CPU.Build.0 = Debug|Any CPU
		{73E839F6-329C-42B0-8FCF-236585A53209}.Release|Any CPU.ActiveCfg = Release|Any CPU
		{73E839F6-329C-42B0-8FCF-236585A53209}.Release|Any CPU.Build.0 = Release|Any CPU
	EndGlobalSection
	GlobalSection(SolutionProperties) = preSolution
		HideSolutionNode = FALSE
	EndGlobalSection
	GlobalSection(NestedProjects) = preSolution
		{2C40821A-A75E-450A-8FC4-19E93FBFF9E3} = {08A1EE22-07B6-4649-8CB2-F8E6A666648C}
	EndGlobalSection
	GlobalSection(ExtensibilityGlobals) = postSolution
		SolutionGuid = {8F4B84AB-41BA-49F4-8983-CA7DE9D01BEE}
	EndGlobalSection
EndGlobal
